{
    "_readme": [
        "This file locks the dependencies of your project to a known state",
        "Read more about it at https://getcomposer.org/doc/01-basic-usage.md#composer-lock-the-lock-file",
        "This file is @generated automatically"
    ],
    "hash": "467e3369d4c2db6f333fafe5ad09c29a",
    "content-hash": "e8602f66d548631a37b1527206e73aca",
    "packages": [
        {
            "name": "dg/mysql-dump",
            "version": "v1.3.0",
            "source": {
                "type": "git",
                "url": "https://github.com/dg/MySQL-dump.git",
                "reference": "c1c00a6b7ded9cab37f0280fa2940b1809835f90"
            },
            "dist": {
                "type": "zip",
                "url": "https://packagist.phpcomposer.com/files/dg/MySQL-dump/c1c00a6b7ded9cab37f0280fa2940b1809835f90.zip",
                "reference": "c1c00a6b7ded9cab37f0280fa2940b1809835f90",
                "shasum": ""
            },
            "type": "library",
            "autoload": {
                "classmap": [
                    "src/"
                ]
            },
            "notification-url": "https://packagist.org/downloads/",
            "license": [
                "BSD-3-Clause"
            ],
            "authors": [
                {
                    "name": "David Grudl",
                    "homepage": "http://davidgrudl.com"
                }
            ],
            "description": "MySQL database dump.",
            "homepage": "https://github.com/dg/MySQL-dump",
            "keywords": [
                "mysql"
            ],
            "time": "2015-04-18 14:09:50"
        },
        {
            "name": "guzzlehttp/guzzle",
            "version": "dev-master",
            "source": {
                "type": "git",
                "url": "https://github.com/guzzle/guzzle.git",
                "reference": "443ca656dec18f3e5ea7751d2429fc2aeacf3ca2"
            },
            "dist": {
                "type": "zip",
                "url": "https://packagist.phpcomposer.com/files/guzzle/guzzle/443ca656dec18f3e5ea7751d2429fc2aeacf3ca2.zip",
                "reference": "443ca656dec18f3e5ea7751d2429fc2aeacf3ca2",
                "shasum": ""
            },
            "require": {
                "guzzlehttp/promises": "^1.0",
                "guzzlehttp/psr7": "^1.3.1",
                "php": ">=5.5"
            },
            "require-dev": {
                "ext-curl": "*",
                "phpunit/phpunit": "^4.0",
                "psr/log": "^1.0"
            },
            "type": "library",
            "extra": {
                "branch-alias": {
                    "dev-master": "6.2-dev"
                }
            },
            "autoload": {
                "files": [
                    "src/functions_include.php"
                ],
                "psr-4": {
                    "GuzzleHttp\\": "src/"
                }
            },
            "notification-url": "https://packagist.org/downloads/",
            "license": [
                "MIT"
            ],
            "authors": [
                {
                    "name": "Michael Dowling",
                    "email": "mtdowling@gmail.com",
                    "homepage": "https://github.com/mtdowling"
                }
            ],
            "description": "Guzzle is a PHP HTTP client library",
            "homepage": "http://guzzlephp.org/",
            "keywords": [
                "client",
                "curl",
                "framework",
                "http",
                "http client",
                "rest",
                "web service"
            ],
            "time": "2017-01-16 17:41:59"
        },
        {
            "name": "guzzlehttp/promises",
            "version": "dev-master",
            "source": {
                "type": "git",
                "url": "https://github.com/guzzle/promises.git",
                "reference": "a59da6cf61d80060647ff4d3eb2c03a2bc694646"
            },
            "dist": {
                "type": "zip",
                "url": "https://packagist.phpcomposer.com/files/guzzle/promises/a59da6cf61d80060647ff4d3eb2c03a2bc694646.zip",
                "reference": "a59da6cf61d80060647ff4d3eb2c03a2bc694646",
                "shasum": ""
            },
            "require": {
                "php": ">=5.5.0"
            },
            "require-dev": {
                "phpunit/phpunit": "^4.0"
            },
            "type": "library",
            "extra": {
                "branch-alias": {
                    "dev-master": "1.4-dev"
                }
            },
            "autoload": {
                "psr-4": {
                    "GuzzleHttp\\Promise\\": "src/"
                },
                "files": [
                    "src/functions_include.php"
                ]
            },
            "notification-url": "https://packagist.org/downloads/",
            "license": [
                "MIT"
            ],
            "authors": [
                {
                    "name": "Michael Dowling",
                    "email": "mtdowling@gmail.com",
                    "homepage": "https://github.com/mtdowling"
                }
            ],
            "description": "Guzzle promises library",
            "keywords": [
                "promise"
            ],
            "time": "2016-12-20 10:07:11"
        },
        {
            "name": "guzzlehttp/psr7",
            "version": "dev-master",
            "source": {
                "type": "git",
                "url": "https://github.com/guzzle/psr7.git",
                "reference": "5f17a79615bd36d52d3b3ce44075aec02605d8bf"
            },
            "dist": {
                "type": "zip",
                "url": "https://packagist.phpcomposer.com/files/guzzle/psr7/5f17a79615bd36d52d3b3ce44075aec02605d8bf.zip",
                "reference": "5f17a79615bd36d52d3b3ce44075aec02605d8bf",
                "shasum": ""
            },
            "require": {
                "php": ">=5.4.0",
                "psr/http-message": "~1.0"
            },
            "provide": {
                "psr/http-message-implementation": "1.0"
            },
            "require-dev": {
                "phpunit/phpunit": "~4.0"
            },
            "type": "library",
            "extra": {
                "branch-alias": {
                    "dev-master": "1.4-dev"
                }
            },
            "autoload": {
                "psr-4": {
                    "GuzzleHttp\\Psr7\\": "src/"
                },
                "files": [
                    "src/functions_include.php"
                ]
            },
            "notification-url": "https://packagist.org/downloads/",
            "license": [
                "MIT"
            ],
            "authors": [
                {
                    "name": "Michael Dowling",
                    "email": "mtdowling@gmail.com",
                    "homepage": "https://github.com/mtdowling"
                },
                {
                    "name": "Tobias Schultze",
                    "homepage": "https://github.com/Tobion"
                }
            ],
            "description": "PSR-7 message implementation that also provides common utility methods",
            "keywords": [
                "http",
                "message",
                "request",
                "response",
                "stream",
                "uri",
                "url"
            ],
            "time": "2016-11-02 14:11:11"
        },
        {
            "name": "lookfeel/core-library",
            "version": "dev-master",
            "source": {
                "type": "git",
                "url": "https://github.com/lookfeel/core-library.git",
                "reference": "645b18cb9f2369c8f668737e586c1bf549106bc9"
            },
            "type": "library",
            "autoload": {
                "psr-4": {
                    "lookfeel\\": "src"
                }
            },
            "license": [
                "Apache-2.0"
            ],
            "authors": [
                {
                    "name": "terranc",
                    "email": "terran.chao@lookfeel.co"
                }
            ],
            "description": "公共库",
            "time": "2017-01-30 22:52:13"
        },
        {
            "name": "lookfeel/lfcms-framework",
            "version": "dev-master",
            "source": {
                "type": "git",
                "url": "https://github.com/lookfeel/lfcms-framework.git",
                "reference": "c8b3a104aaa42235b0df593e4d24f9a07f886ec3"
            },
            "require": {
                "dg/mysql-dump": "^1.3.0",
                "lookfeel/core-library": "*",
                "lookfeel/lfcms-installer": "*",
                "topthink/framework": "^5.0",
                "topthink/think-angular": "*",
                "topthink/think-captcha": "*",
                "topthink/think-helper": "*",
                "topthink/think-image": "*",
                "topthink/think-queue": "*",
                "upyun/sdk": "^3.0.0"
            },
            "type": "lfcms-framework",
            "autoload": {
                "psr-4": {
                    "lfcms\\": "library"
                },
                "files": [
                    "common.php"
                ]
            },
            "license": [
                "Apache-2.0"
            ],
            "authors": [
                {
                    "name": "terranc",
                    "email": "terran.chao@lookfeel.co"
                }
            ],
            "description": "LFCMS框架",
            "homepage": "http://lookfeel.co/",
            "time": "2017-01-30 22:51:50"
        },
        {
            "name": "lookfeel/lfcms-installer",
            "version": "dev-master",
            "source": {
                "type": "git",
                "url": "https://github.com/lookfeel/lfcms-installer.git",
                "reference": "5c1eaec3ad8225f09cef3655b55abea3713c400a"
            },
            "require": {
                "composer-plugin-api": "^1.0"
            },
            "require-dev": {
                "composer/composer": "1.0.*@dev"
            },
            "type": "composer-plugin",
            "extra": {
                "class": "lfcms\\composer\\Plugin"
            },
            "autoload": {
                "psr-4": {
                    "lfcms\\composer\\": "src"
                }
            },
            "license": [
                "Apache-2.0"
            ],
            "authors": [
                {
                    "name": "terranc",
                    "email": "terran.chao@lookfeel.co"
                }
            ],
            "description": "LFCMS安装",
            "homepage": "http://lookfeel.co/",
            "time": "2017-01-30 22:51:59"
        },
        {
            "name": "lookfeel/lfcms-public",
            "version": "dev-master",
            "source": {
                "type": "git",
                "url": "https://github.com/lookfeel/lfcms-public.git",
                "reference": "79a1e1a4fcf3467a1e24c2351e69fe6588e7d0b1"
            },
            "type": "lfcms-module",
            "license": [
                "Apache-2.0"
            ],
            "authors": [
                {
                    "name": "terranc",
                    "email": "terran.chao@lookfeel.co"
                }
            ],
            "description": "LFCMS前端库",
            "homepage": "http://lookfeel.co/",
            "time": "2017-01-30 22:32:11"
        },
        {
            "name": "psr/http-message",
            "version": "dev-master",
            "source": {
                "type": "git",
                "url": "https://github.com/php-fig/http-message.git",
                "reference": "f6561bf28d520154e4b0ec72be95418abe6d9363"
            },
            "dist": {
                "type": "zip",
                "url": "https://packagist.phpcomposer.com/files/php-fig/http-message/f6561bf28d520154e4b0ec72be95418abe6d9363.zip",
                "reference": "f6561bf28d520154e4b0ec72be95418abe6d9363",
                "shasum": ""
            },
            "require": {
                "php": ">=5.3.0"
            },
            "type": "library",
            "extra": {
                "branch-alias": {
                    "dev-master": "1.0.x-dev"
                }
            },
            "autoload": {
                "psr-4": {
                    "Psr\\Http\\Message\\": "src/"
                }
            },
            "notification-url": "https://packagist.org/downloads/",
            "license": [
                "MIT"
            ],
            "authors": [
                {
                    "name": "PHP-FIG",
                    "homepage": "http://www.php-fig.org/"
                }
            ],
            "description": "Common interface for HTTP messages",
            "homepage": "https://github.com/php-fig/http-message",
            "keywords": [
                "http",
                "http-message",
                "psr",
                "psr-7",
                "request",
                "response"
            ],
            "time": "2016-08-06 14:39:51"
        },
        {
            "name": "topthink/framework",
            "version": "5.1.x-dev",
            "source": {
                "type": "git",
                "url": "https://github.com/top-think/framework.git",
                "reference": "b03844211f5feb9c0cc3216c533a229808e32ee4"
            },
            "dist": {
                "type": "zip",
                "url": "https://packagist.phpcomposer.com/files/top-think/framework/b03844211f5feb9c0cc3216c533a229808e32ee4.zip",
                "reference": "b03844211f5feb9c0cc3216c533a229808e32ee4",
                "shasum": ""
            },
            "require": {
                "php": ">=5.4.0",
                "topthink/think-installer": "~1.0"
            },
            "require-dev": {
                "johnkary/phpunit-speedtrap": "^1.0",
                "mikey179/vfsstream": "~1.6",
                "phpdocumentor/reflection-docblock": "^2.0",
                "phploc/phploc": "2.*",
                "phpunit/phpunit": "4.8.*",
                "sebastian/phpcpd": "2.*",
                "squizlabs/php_codesniffer": "2.*"
            },
            "type": "think-framework",
            "notification-url": "https://packagist.org/downloads/",
            "license": [
                "Apache-2.0"
            ],
            "authors": [
                {
                    "name": "liu21st",
                    "email": "liu21st@gmail.com"
                }
            ],
            "description": "the new thinkphp framework",
            "homepage": "http://thinkphp.cn/",
            "keywords": [
                "framework",
                "orm",
                "thinkphp"
            ],
            "time": "2016-10-03 09:15:26"
        },
        {
            "name": "topthink/think-angular",
            "version": "dev-master",
            "source": {
                "type": "git",
                "url": "https://github.com/top-think/think-angular.git",
                "reference": "71c5d575f654b16fe708a22315612ed92cc42dc5"
            },
            "dist": {
                "type": "zip",
                "url": "https://packagist.phpcomposer.com/files/top-think/think-angular/71c5d575f654b16fe708a22315612ed92cc42dc5.zip",
                "reference": "71c5d575f654b16fe708a22315612ed92cc42dc5",
                "shasum": ""
            },
            "require": {
                "php": ">=5.4.0"
            },
            "type": "library",
            "autoload": {
                "classmap": {
                    "think\\view\\driver\\Angular": "drivers/thinkphp5/Angular.php"
                },
                "psr-4": {
                    "think\\angular\\": "src/"
                }
            },
            "notification-url": "https://packagist.org/downloads/",
            "license": [
                "Apache2"
            ],
            "authors": [
                {
                    "name": "玩具机器人",
                    "email": "zhaishuaigan@qq.com"
                }
            ],
            "description": "think angular view engine",
            "homepage": "http://kancloud.cn/shuai/php-angular",
            "time": "2016-12-21 04:21:12"
        },
        {
            "name": "topthink/think-captcha",
            "version": "dev-master",
            "source": {
                "type": "git",
                "url": "https://github.com/top-think/think-captcha.git",
                "reference": "9572406f5ed6637f0e12f6106514d488e2cc1a43"
            },
            "dist": {
                "type": "zip",
                "url": "https://packagist.phpcomposer.com/files/top-think/think-captcha/9572406f5ed6637f0e12f6106514d488e2cc1a43.zip",
                "reference": "9572406f5ed6637f0e12f6106514d488e2cc1a43",
                "shasum": ""
            },
            "type": "library",
            "autoload": {
                "psr-4": {
                    "think\\captcha\\": "src/"
                },
                "files": [
                    "src/helper.php"
                ]
            },
            "notification-url": "https://packagist.org/downloads/",
            "license": [
                "Apache-2.0"
            ],
            "authors": [
                {
                    "name": "yunwuxin",
                    "email": "448901948@qq.com"
                }
            ],
            "description": "captcha package for thinkphp5",
            "time": "2016-12-28 08:22:04"
        },
        {
            "name": "topthink/think-helper",
            "version": "dev-master",
            "source": {
                "type": "git",
                "url": "https://github.com/top-think/think-helper.git",
                "reference": "ed64408cdc4cdbd390365ba0906d208b987af520"
            },
            "dist": {
                "type": "zip",
                "url": "https://packagist.phpcomposer.com/files/top-think/think-helper/ed64408cdc4cdbd390365ba0906d208b987af520.zip",
                "reference": "ed64408cdc4cdbd390365ba0906d208b987af520",
                "shasum": ""
            },
            "type": "library",
            "autoload": {
                "psr-4": {
                    "think\\helper\\": "src"
                },
                "files": [
                    "src/helper.php"
                ]
            },
            "notification-url": "https://packagist.org/downloads/",
            "license": [
                "Apache-2.0"
            ],
            "authors": [
                {
                    "name": "yunwuxin",
                    "email": "448901948@qq.com"
                }
            ],
            "description": "The ThinkPHP5 Helper Package",
            "time": "2016-12-01 07:08:40"
        },
        {
            "name": "topthink/think-image",
            "version": "dev-master",
            "source": {
                "type": "git",
                "url": "https://github.com/top-think/think-image.git",
                "reference": "3f3cc4923f07edd59ee79fd82b39e3b2a49618cb"
            },
            "dist": {
                "type": "zip",
                "url": "https://packagist.phpcomposer.com/files/top-think/think-image/3f3cc4923f07edd59ee79fd82b39e3b2a49618cb.zip",
                "reference": "3f3cc4923f07edd59ee79fd82b39e3b2a49618cb",
                "shasum": ""
            },
            "require": {
                "ext-gd": "*"
            },
            "require-dev": {
                "phpunit/phpunit": "4.8.*",
                "topthink/framework": "^5.0"
            },
            "type": "library",
            "autoload": {
                "psr-4": {
                    "think\\": "src"
                }
            },
            "notification-url": "https://packagist.org/downloads/",
            "license": [
                "Apache-2.0"
            ],
            "authors": [
                {
                    "name": "yunwuxin",
                    "email": "448901948@qq.com"
                }
            ],
            "description": "The ThinkPHP5 Image Package",
            "time": "2016-12-26 05:33:26"
        },
        {
            "name": "topthink/think-installer",
            "version": "v1.0.11",
            "source": {
                "type": "git",
                "url": "https://github.com/top-think/think-installer.git",
                "reference": "4c6e1ebecd1afce3f4ccc47e147d61bbe1bf641d"
            },
            "dist": {
                "type": "zip",
                "url": "https://packagist.phpcomposer.com/files/top-think/think-installer/4c6e1ebecd1afce3f4ccc47e147d61bbe1bf641d.zip",
                "reference": "4c6e1ebecd1afce3f4ccc47e147d61bbe1bf641d",
                "shasum": ""
            },
            "require": {
                "composer-plugin-api": "^1.0"
            },
            "require-dev": {
                "composer/composer": "1.0.*@dev"
            },
            "type": "composer-plugin",
            "extra": {
                "class": "think\\composer\\Plugin"
            },
            "autoload": {
                "psr-4": {
                    "think\\composer\\": "src"
                }
            },
            "notification-url": "https://packagist.org/downloads/",
            "license": [
                "Apache-2.0"
            ],
            "authors": [
                {
                    "name": "yunwuxin",
                    "email": "448901948@qq.com"
                }
            ],
            "time": "2016-12-01 09:08:45"
        },
        {
            "name": "topthink/think-queue",
            "version": "dev-master",
            "source": {
                "type": "git",
                "url": "https://github.com/top-think/think-queue.git",
                "reference": "e79ff365cd5ef6b7424ad23b08e6d98e925542c1"
            },
            "dist": {
                "type": "zip",
                "url": "https://packagist.phpcomposer.com/files/top-think/think-queue/e79ff365cd5ef6b7424ad23b08e6d98e925542c1.zip",
                "reference": "e79ff365cd5ef6b7424ad23b08e6d98e925542c1",
                "shasum": ""
            },
            "require": {
                "topthink/think-helper": ">=1.0.4",
                "topthink/think-installer": ">=1.0.10"
            },
            "type": "think-extend",
            "extra": {
                "think-config": {
                    "queue": "src/config.php"
                }
            },
            "autoload": {
                "psr-4": {
                    "think\\": "src"
                },
                "files": [
                    "src/common.php"
                ]
            },
            "notification-url": "https://packagist.org/downloads/",
            "license": [
                "Apache-2.0"
            ],
            "authors": [
                {
                    "name": "yunwuxin",
                    "email": "448901948@qq.com"
                }
            ],
            "description": "The ThinkPHP5 Queue Package",
            "time": "2016-12-26 05:37:45"
        },
        {
            "name": "upyun/sdk",
            "version": "3.0.0-RC3",
            "source": {
                "type": "git",
                "url": "https://github.com/upyun/php-sdk.git",
                "reference": "d86ec6803885277d3b44f30ba3d642601ff17cde"
            },
            "dist": {
                "type": "zip",
                "url": "https://packagist.phpcomposer.com/files/upyun/php-sdk/d86ec6803885277d3b44f30ba3d642601ff17cde.zip",
                "reference": "d86ec6803885277d3b44f30ba3d642601ff17cde",
                "shasum": ""
            },
            "require": {
                "ext-curl": "*",
                "guzzlehttp/guzzle": "~6.0",
                "php": ">=5.5.0"
            },
            "require-dev": {
                "phpdocumentor/phpdocumentor": "^2.9",
                "phpunit/phpunit": "~4.0"
            },
            "type": "library",
            "autoload": {
                "psr-4": {
                    "Upyun\\": "src/Upyun/"
                }
            },
            "notification-url": "https://packagist.org/downloads/",
            "license": [
                "MIT"
            ],
            "authors": [
                {
                    "name": "totoleo",
                    "email": "totoleo@163.com"
                },
                {
                    "name": "lfeng",
                    "email": "bonevv@gmail.com"
                },
                {
                    "name": "lvtongda",
                    "email": "riyao.lyu@gmail.com"
                },
                {
                    "name": "sabakugaara",
                    "email": "senellise@gmail.com"
                }
            ],
            "description": "UPYUN sdk for php",
            "homepage": "https://github.com/upyun/php-sdk/",
            "keywords": [
                "sdk",
                "upyun"
            ],
            "time": "2017-01-20 02:06:50"
        }
    ],
    "packages-dev": [],
    "aliases": [],
    "minimum-stability": "dev",
    "stability-flags": {
        "lookfeel/lfcms-framework": 20,
        "lookfeel/lfcms-public": 20
    },
    "prefer-stable": false,
    "prefer-lowest": false,
    "platform": [],
    "platform-dev": []
}
